
Microsoft Visual Studio Solution File, Format Version 12.00
# Visual Studio Version 17
VisualStudioVersion = 17.2.32526.322
MinimumVisualStudioVersion = 10.0.40219.1
Project("{FAE04EC0-301F-11D3-BF4B-00C04F79EFBC}") = "LinkstagramGFL", "LinkstagramGFL\LinkstagramGFL.csproj", "{620AE466-2D6B-4FFF-9912-3DBFB6700CAF}"
EndProject
Global
	GlobalSection(SolutionConfigurationPlatforms) = preSolution
		Debug|Any CPU = Debug|Any CPU
		Release|Any CPU = Release|Any CPU
	EndGlobalSection
	GlobalSection(ProjectConfigurationPlatforms) = postSolution
		{620AE466-2D6B-4FFF-9912-3DBFB6700CAF}.Debug|Any CPU.ActiveCfg = Debug|Any CPU
		{620AE466-2D6B-4FFF-9912-3DBFB6700CAF}.Debug|Any CPU.Build.0 = Debug|Any CPU
		{620AE466-2D6B-4FFF-9912-3DBFB6700CAF}.Release|Any CPU.ActiveCfg = Release|Any CPU
		{620AE466-2D6B-4FFF-9912-3DBFB6700CAF}.Release|Any CPU.Build.0 = Release|Any CPU
	EndGlobalSection
	GlobalSection(SolutionProperties) = preSolution
		HideSolutionNode = FALSE
	EndGlobalSection
	GlobalSection(ExtensibilityGlobals) = postSolution
		SolutionGuid = {7F411664-0517-4275-8380-4634803E09C6}
	EndGlobalSection
EndGlobal
